
Microsoft Visual Studio Solution File, Format Version 12.00
# Visual Studio Version 16
VisualStudioVersion = 16.0.29613.14
MinimumVisualStudioVersion = 10.0.40219.1
Project("{FAE04EC0-301F-11D3-BF4B-00C04F79EFBC}") = "catFacts2022", "catFacts2022\catFacts2022.csproj", "{7CEA8C3D-504B-4CFC-9DF2-C4503A66CD61}"
EndProject
Global
	GlobalSection(SolutionConfigurationPlatforms) = preSolution
		Debug|Any CPU = Debug|Any CPU
		Release|Any CPU = Release|Any CPU
	EndGlobalSection
	GlobalSection(ProjectConfigurationPlatforms) = postSolution
		{7CEA8C3D-504B-4CFC-9DF2-C4503A66CD61}.Debug|Any CPU.ActiveCfg = Debug|Any CPU
		{7CEA8C3D-504B-4CFC-9DF2-C4503A66CD61}.Debug|Any CPU.Build.0 = Debug|Any CPU
		{7CEA8C3D-504B-4CFC-9DF2-C4503A66CD61}.Release|Any CPU.ActiveCfg = Release|Any CPU
		{7CEA8C3D-504B-4CFC-9DF2-C4503A66CD61}.Release|Any CPU.Build.0 = Release|Any CPU
	EndGlobalSection
	GlobalSection(SolutionProperties) = preSolution
		HideSolutionNode = FALSE
	EndGlobalSection
	GlobalSection(ExtensibilityGlobals) = postSolution
		SolutionGuid = {CB8D702A-91C0-4EF4-9055-3747AF2996D7}
	EndGlobalSection
EndGlobal
